
Microsoft Visual Studio Solution File, Format Version 12.00
# Visual Studio Version 16
VisualStudioVersion = 16.0.808.0
MinimumVisualStudioVersion = 10.0.40219.1
Project("{FAE04EC0-301F-11D3-BF4B-00C04F79EFBC}") = "KatasProject", "KatasProject\KatasProject.csproj", "{C8A2D150-7E80-42FF-83E2-E881BE848E66}"
EndProject
Project("{FAE04EC0-301F-11D3-BF4B-00C04F79EFBC}") = "Test", "Test\Test.csproj", "{E90250AE-9D29-4C0A-A166-C9610637B7F2}"
EndProject
Project("{FAE04EC0-301F-11D3-BF4B-00C04F79EFBC}") = "Threading", "Threading\Threading.csproj", "{F57D1B67-618F-4905-A3E9-B2EF4234CCF6}"
EndProject
Global
	GlobalSection(SolutionConfigurationPlatforms) = preSolution
		Debug|Any CPU = Debug|Any CPU
		Release|Any CPU = Release|Any CPU
	EndGlobalSection
	GlobalSection(ProjectConfigurationPlatforms) = postSolution
		{C8A2D150-7E80-42FF-83E2-E881BE848E66}.Debug|Any CPU.ActiveCfg = Debug|Any CPU
		{C8A2D150-7E80-42FF-83E2-E881BE848E66}.Debug|Any CPU.Build.0 = Debug|Any CPU
		{C8A2D150-7E80-42FF-83E2-E881BE848E66}.Release|Any CPU.ActiveCfg = Release|Any CPU
		{C8A2D150-7E80-42FF-83E2-E881BE848E66}.Release|Any CPU.Build.0 = Release|Any CPU
		{E90250AE-9D29-4C0A-A166-C9610637B7F2}.Debug|Any CPU.ActiveCfg = Debug|Any CPU
		{E90250AE-9D29-4C0A-A166-C9610637B7F2}.Debug|Any CPU.Build.0 = Debug|Any CPU
		{E90250AE-9D29-4C0A-A166-C9610637B7F2}.Release|Any CPU.ActiveCfg = Release|Any CPU
		{E90250AE-9D29-4C0A-A166-C9610637B7F2}.Release|Any CPU.Build.0 = Release|Any CPU
		{F57D1B67-618F-4905-A3E9-B2EF4234CCF6}.Debug|Any CPU.ActiveCfg = Debug|Any CPU
		{F57D1B67-618F-4905-A3E9-B2EF4234CCF6}.Debug|Any CPU.Build.0 = Debug|Any CPU
		{F57D1B67-618F-4905-A3E9-B2EF4234CCF6}.Release|Any CPU.ActiveCfg = Release|Any CPU
		{F57D1B67-618F-4905-A3E9-B2EF4234CCF6}.Release|Any CPU.Build.0 = Release|Any CPU
	EndGlobalSection
	GlobalSection(SolutionProperties) = preSolution
		HideSolutionNode = FALSE
	EndGlobalSection
	GlobalSection(ExtensibilityGlobals) = postSolution
		SolutionGuid = {39C61CBE-BA63-4EFC-9A86-E54D1E2D33BD}
	EndGlobalSection
EndGlobal
